
Microsoft Visual Studio Solution File, Format Version 12.00
# Visual Studio Version 16
VisualStudioVersion = 16.0.30320.27
MinimumVisualStudioVersion = 10.0.40219.1
Project("{FAE04EC0-301F-11D3-BF4B-00C04F79EFBC}") = "ClassesExample", "ClassesExample\ClassesExample.csproj", "{CD6DBF3A-717B-45EB-AC45-3F59D0C55B2A}"
EndProject
Global
	GlobalSection(SolutionConfigurationPlatforms) = preSolution
		Debug|Any CPU = Debug|Any CPU
		Release|Any CPU = Release|Any CPU
	EndGlobalSection
	GlobalSection(ProjectConfigurationPlatforms) = postSolution
		{CD6DBF3A-717B-45EB-AC45-3F59D0C55B2A}.Debug|Any CPU.ActiveCfg = Debug|Any CPU
		{CD6DBF3A-717B-45EB-AC45-3F59D0C55B2A}.Debug|Any CPU.Build.0 = Debug|Any CPU
		{CD6DBF3A-717B-45EB-AC45-3F59D0C55B2A}.Release|Any CPU.ActiveCfg = Release|Any CPU
		{CD6DBF3A-717B-45EB-AC45-3F59D0C55B2A}.Release|Any CPU.Build.0 = Release|Any CPU
	EndGlobalSection
	GlobalSection(SolutionProperties) = preSolution
		HideSolutionNode = FALSE
	EndGlobalSection
	GlobalSection(ExtensibilityGlobals) = postSolution
		SolutionGuid = {40D35EC2-1B48-49CD-B8EE-1F1CC5530D39}
	EndGlobalSection
EndGlobal
